// !$*UTF8*$!
{
	archiveVersion = 1;
	classes = {
	};
	objectVersion = 55;
	objects = {

/* Begin PBXBuildFile section */
		87130EC6288EA67A00BAF309 /* AppDelegate.swift in Sources */ = {isa = PBXBuildFile; fileRef = 87130EC5288EA67A00BAF309 /* AppDelegate.swift */; };
		87130EC8288EA67A00BAF309 /* SceneDelegate.swift in Sources */ = {isa = PBXBuildFile; fileRef = 87130EC7288EA67A00BAF309 /* SceneDelegate.swift */; };
		87130ECA288EA67A00BAF309 /* ViewController.swift in Sources */ = {isa = PBXBuildFile; fileRef = 87130EC9288EA67A00BAF309 /* ViewController.swift */; };
		87130ECF288EA67E00BAF309 /* Assets.xcassets in Resources */ = {isa = PBXBuildFile; fileRef = 87130ECE288EA67E00BAF309 /* Assets.xcassets */; };
		87130ED2288EA67E00BAF309 /* LaunchScreen.storyboard in Resources */ = {isa = PBXBuildFile; fileRef = 87130ED0288EA67E00BAF309 /* LaunchScreen.storyboard */; };
		87130EDD288EA67E00BAF309 /* FirstTests.swift in Sources */ = {isa = PBXBuildFile; fileRef = 87130EDC288EA67E00BAF309 /* FirstTests.swift */; };
		87130EE7288EA67E00BAF309 /* FirstUITests.swift in Sources */ = {isa = PBXBuildFile; fileRef = 87130EE6288EA67E00BAF309 /* FirstUITests.swift */; };
		87130EE9288EA67E00BAF309 /* FirstUITestsLaunchTests.swift in Sources */ = {isa = PBXBuildFile; fileRef = 87130EE8288EA67E00BAF309 /* FirstUITestsLaunchTests.swift */; };
		CCE6A4B69C113BC7986E8A07 /* Pods_First.framework in Frameworks */ = {isa = PBXBuildFile; fileRef = 8DB5222A12F911D7CC712866 /* Pods_First.framework */; };
/* End PBXBuildFile section */

/* Begin PBXContainerItemProxy section */
		87130ED9288EA67E00BAF309 /* PBXContainerItemProxy */ = {
			isa = PBXContainerItemProxy;
			containerPortal = 87130EBA288EA67A00BAF309 /* Project object */;
			proxyType = 1;
			remoteGlobalIDString = 87130EC1288EA67A00BAF309;
			remoteInfo = First;
		};
		87130EE3288EA67E00BAF309 /* PBXContainerItemProxy */ = {
			isa = PBXContainerItemProxy;
			containerPortal = 87130EBA288EA67A00BAF309 /* Project object */;
			proxyType = 1;
			remoteGlobalIDString = 87130EC1288EA67A00BAF309;
			remoteInfo = First;
		};
/* End PBXContainerItemProxy section */

/* Begin PBXFileReference section */
		711608CDA70B2EDEC5FBB119 /* Pods-First.debug.xcconfig */ = {isa = PBXFileReference; includeInIndex = 1; lastKnownFileType = text.xcconfig; name = "Pods-First.debug.xcconfig"; path = "Target Support Files/Pods-First/Pods-First.debug.xcconfig"; sourceTree = "<group>"; };
		87130EC2288EA67A00BAF309 /* First.app */ = {isa = PBXFileReference; explicitFileType = wrapper.application; includeInIndex = 0; path = First.app; sourceTree = BUILT_PRODUCTS_DIR; };
		87130EC5288EA67A00BAF309 /* AppDelegate.swift */ = {isa = PBXFileReference; lastKnownFileType = sourcecode.swift; path = AppDelegate.swift; sourceTree = "<group>"; };
		87130EC7288EA67A00BAF309 /* SceneDelegate.swift */ = {isa = PBXFileReference; lastKnownFileType = sourcecode.swift; path = SceneDelegate.swift; sourceTree = "<group>"; };
		87130EC9288EA67A00BAF309 /* ViewController.swift */ = {isa = PBXFileReference; lastKnownFileType = sourcecode.swift; path = ViewController.swift; sourceTree = "<group>"; };
		87130ECE288EA67E00BAF309 /* Assets.xcassets */ = {isa = PBXFileReference; lastKnownFileType = folder.assetcatalog; path = Assets.xcassets; sourceTree = "<group>"; };
		87130ED1288EA67E00BAF309 /* Base */ = {isa = PBXFileReference; lastKnownFileType = file.storyboard; name = Base; path = Base.lproj/LaunchScreen.storyboard; sourceTree = "<group>"; };
		87130ED3288EA67E00BAF309 /* Info.plist */ = {isa = PBXFileReference; lastKnownFileType = text.plist.xml; path = Info.plist; sourceTree = "<group>"; };
		87130ED8288EA67E00BAF309 /* FirstTests.xctest */ = {isa = PBXFileReference; explicitFileType = wrapper.cfbundle; includeInIndex = 0; path = FirstTests.xctest; sourceTree = BUILT_PRODUCTS_DIR; };
		87130EDC288EA67E00BAF309 /* FirstTests.swift */ = {isa = PBXFileReference; lastKnownFileType = sourcecode.swift; path = FirstTests.swift; sourceTree = "<group>"; };
		87130EE2288EA67E00BAF309 /* FirstUITests.xctest */ = {isa = PBXFileReference; explicitFileType = wrapper.cfbundle; includeInIndex = 0; path = FirstUITests.xctest; sourceTree = BUILT_PRODUCTS_DIR; };
		87130EE6288EA67E00BAF309 /* FirstUITests.swift */ = {isa = PBXFileReference; lastKnownFileType = sourcecode.swift; path = FirstUITests.swift; sourceTree = "<group>"; };
		87130EE8288EA67E00BAF309 /* FirstUITestsLaunchTests.swift */ = {isa = PBXFileReference; lastKnownFileType = sourcecode.swift; path = FirstUITestsLaunchTests.swift; sourceTree = "<group>"; };
		8DB5222A12F911D7CC712866 /* Pods_First.framework */ = {isa = PBXFileReference; explicitFileType = wrapper.framework; includeInIndex = 0; path = Pods_First.framework; sourceTree = BUILT_PRODUCTS_DIR; };
		FF824A1F9C546B0D0C61F969 /* Pods-First.release.xcconfig */ = {isa = PBXFileReference; includeInIndex = 1; lastKnownFileType = text.xcconfig; name = "Pods-First.release.xcconfig"; path = "Target Support Files/Pods-First/Pods-First.release.xcconfig"; sourceTree = "<group>"; };
/* End PBXFileReference section */

/* Begin PBXFrameworksBuildPhase section */
		87130EBF288EA67A00BAF309 /* Frameworks */ = {
			isa = PBXFrameworksBuildPhase;
			buildActionMask = 2147483647;
			files = (
				CCE6A4B69C113BC7986E8A07 /* Pods_First.framework in Frameworks */,
			);
			runOnlyForDeploymentPostprocessing = 0;
		};
		87130ED5288EA67E00BAF309 /* Frameworks */ = {
			isa = PBXFrameworksBuildPhase;
			buildActionMask = 2147483647;
			files = (
			);
			runOnlyForDeploymentPostprocessing = 0;
		};
		87130EDF288EA67E00BAF309 /* Frameworks */ = {
			isa = PBXFrameworksBuildPhase;
			buildActionMask = 2147483647;
			files = (
			);
			runOnlyForDeploymentPostprocessing = 0;
		};
/* End PBXFrameworksBuildPhase section */

/* Begin PBXGroup section */
		0945856857FB66823955995C /* Pods */ = {
			isa = PBXGroup;
			children = (
				711608CDA70B2EDEC5FBB119 /* Pods-First.debug.xcconfig */,
				FF824A1F9C546B0D0C61F969 /* Pods-First.release.xcconfig */,
			);
			name = Pods;
			path = Pods;
			sourceTree = "<group>";
		};
		0FE52224B9856CA0CED79169 /* Frameworks */ = {
			isa = PBXGroup;
			children = (
				8DB5222A12F911D7CC712866 /* Pods_First.framework */,
			);
			name = Frameworks;
			sourceTree = "<group>";
		};
		87130EB9288EA67A00BAF309 = {
			isa = PBXGroup;
			children = (
				87130EC4288EA67A00BAF309 /* First */,
				87130EDB288EA67E00BAF309 /* FirstTests */,
				87130EE5288EA67E00BAF309 /* FirstUITests */,
				87130EC3288EA67A00BAF309 /* Products */,
				0945856857FB66823955995C /* Pods */,
				0FE52224B9856CA0CED79169 /* Frameworks */,
			);
			sourceTree = "<group>";
		};
		87130EC3288EA67A00BAF309 /* Products */ = {
			isa = PBXGroup;
			children = (
				87130EC2288EA67A00BAF309 /* First.app */,
				87130ED8288EA67E00BAF309 /* FirstTests.xctest */,
				87130EE2288EA67E00BAF309 /* FirstUITests.xctest */,
			);
			name = Products;
			sourceTree = "<group>";
		};
		87130EC4288EA67A00BAF309 /* First */ = {
			isa = PBXGroup;
			children = (
				87130EC5288EA67A00BAF309 /* AppDelegate.swift */,
				87130EC7288EA67A00BAF309 /* SceneDelegate.swift */,
				87130EC9288EA67A00BAF309 /* ViewController.swift */,
				87130ECE288EA67E00BAF309 /* Assets.xcassets */,
				87130ED0288EA67E00BAF309 /* LaunchScreen.storyboard */,
				87130ED3288EA67E00BAF309 /* Info.plist */,
			);
			path = First;
			sourceTree = "<group>";
		};
		87130EDB288EA67E00BAF309 /* FirstTests */ = {
			isa = PBXGroup;
			children = (
				87130EDC288EA67E00BAF309 /* FirstTests.swift */,
			);
			path = FirstTests;
			sourceTree = "<group>";
		};
		87130EE5288EA67E00BAF309 /* FirstUITests */ = {
			isa = PBXGroup;
			children = (
				87130EE6288EA67E00BAF309 /* FirstUITests.swift */,
				87130EE8288EA67E00BAF309 /* FirstUITestsLaunchTests.swift */,
			);
			path = FirstUITests;
			sourceTree = "<group>";
		};
/* End PBXGroup section */

/* Begin PBXNativeTarget section */
		87130EC1288EA67A00BAF309 /* First */ = {
			isa = PBXNativeTarget;
			buildConfigurationList = 87130EEC288EA67E00BAF309 /* Build configuration list for PBXNativeTarget "First" */;
			buildPhases = (
				DA8548D45C8F5666AF3AF397 /* [CP] Check Pods Manifest.lock */,
				87130EBE288EA67A00BAF309 /* Sources */,
				87130EBF288EA67A00BAF309 /* Frameworks */,
				87130EC0288EA67A00BAF309 /* Resources */,
				592212084180E500B422302F /* [CP] Embed Pods Frameworks */,
			);
			buildRules = (
			);
			dependencies = (
			);
			name = First;
			productName = First;
			productReference = 87130EC2288EA67A00BAF309 /* First.app */;
			productType = "com.apple.product-type.application";
		};
		87130ED7288EA67E00BAF309 /* FirstTests */ = {
			isa = PBXNativeTarget;
			buildConfigurationList = 87130EEF288EA67E00BAF309 /* Build configuration list for PBXNativeTarget "FirstTests" */;
			buildPhases = (
				87130ED4288EA67E00BAF309 /* Sources */,
				87130ED5288EA67E00BAF309 /* Frameworks */,
				87130ED6288EA67E00BAF309 /* Resources */,
			);
			buildRules = (
			);
			dependencies = (
				87130EDA288EA67E00BAF309 /* PBXTargetDependency */,
			);
			name = FirstTests;
			productName = FirstTests;
			productReference = 87130ED8288EA67E00BAF309 /* FirstTests.xctest */;
			productType = "com.apple.product-type.bundle.unit-test";
		};
		87130EE1288EA67E00BAF309 /* FirstUITests */ = {
			isa = PBXNativeTarget;
			buildConfigurationList = 87130EF2288EA67E00BAF309 /* Build configuration list for PBXNativeTarget "FirstUITests" */;
			buildPhases = (
				87130EDE288EA67E00BAF309 /* Sources */,
				87130EDF288EA67E00BAF309 /* Frameworks */,
				87130EE0288EA67E00BAF309 /* Resources */,
			);
			buildRules = (
			);
			dependencies = (
				87130EE4288EA67E00BAF309 /* PBXTargetDependency */,
			);
			name = FirstUITests;
			productName = FirstUITests;
			productReference = 87130EE2288EA67E00BAF309 /* FirstUITests.xctest */;
			productType = "com.apple.product-type.bundle.ui-testing";
		};
/* End PBXNativeTarget section */

/* Begin PBXProject section */
		87130EBA288EA67A00BAF309 /* Project object */ = {
			isa = PBXProject;
			attributes = {
				BuildIndependentTargetsInParallel = 1;
				LastSwiftUpdateCheck = 1340;
				LastUpgradeCheck = 1340;
				TargetAttributes = {
					87130EC1288EA67A00BAF309 = {
						CreatedOnToolsVersion = 13.4.1;
					};
					87130ED7288EA67E00BAF309 = {
						CreatedOnToolsVersion = 13.4.1;
						TestTargetID = 87130EC1288EA67A00BAF309;
					};
					87130EE1288EA67E00BAF309 = {
						CreatedOnToolsVersion = 13.4.1;
						TestTargetID = 87130EC1288EA67A00BAF309;
					};
				};
			};
			buildConfigurationList = 87130EBD288EA67A00BAF309 /* Build configuration list for PBXProject "First" */;
			compatibilityVersion = "Xcode 13.0";
			developmentRegion = en;
			hasScannedForEncodings = 0;
			knownRegions = (
				en,
				Base,
			);
			mainGroup = 87130EB9288EA67A00BAF309;
			productRefGroup = 87130EC3288EA67A00BAF309 /* Products */;
			projectDirPath = "";
			projectRoot = "";
			targets = (
				87130EC1288EA67A00BAF309 /* First */,
				87130ED7288EA67E00BAF309 /* FirstTests */,
				87130EE1288EA67E00BAF309 /* FirstUITests */,
			);
		};
/* End PBXProject section */

/* Begin PBXResourcesBuildPhase section */
		87130EC0288EA67A00BAF309 /* Resources */ = {
			isa = PBXResourcesBuildPhase;
			buildActionMask = 2147483647;
			files = (
				87130ED2288EA67E00BAF309 /* LaunchScreen.storyboard in Resources */,
				87130ECF288EA67E00BAF309 /* Assets.xcassets in Resources */,
			);
			runOnlyForDeploymentPostprocessing = 0;
		};
		87130ED6288EA67E00BAF309 /* Resources */ = {
			isa = PBXResourcesBuildPhase;
			buildActionMask = 2147483647;
			files = (
			);
			runOnlyForDeploymentPostprocessing = 0;
		};
		87130EE0288EA67E00BAF309 /* Resources */ = {
			isa = PBXResourcesBuildPhase;
			buildActionMask = 2147483647;
			files = (
			);
			runOnlyForDeploymentPostprocessing = 0;
		};
/* End PBXResourcesBuildPhase section */

/* Begin PBXShellScriptBuildPhase section */
		592212084180E500B422302F /* [CP] Embed Pods Frameworks */ = {
			isa = PBXShellScriptBuildPhase;
			buildActionMask = 2147483647;
			files = (
			);
			inputFileListPaths = (
				"${PODS_ROOT}/Target Support Files/Pods-First/Pods-First-frameworks-${CONFIGURATION}-input-files.xcfilelist",
			);
			name = "[CP] Embed Pods Frameworks";
			outputFileListPaths = (
				"${PODS_ROOT}/Target Support Files/Pods-First/Pods-First-frameworks-${CONFIGURATION}-output-files.xcfilelist",
			);
			runOnlyForDeploymentPostprocessing = 0;
			shellPath = /bin/sh;
			shellScript = "\"${PODS_ROOT}/Target Support Files/Pods-First/Pods-First-frameworks.sh\"\n";
			showEnvVarsInLog = 0;
		};
		DA8548D45C8F5666AF3AF397 /* [CP] Check Pods Manifest.lock */ = {
			isa = PBXShellScriptBuildPhase;
			buildActionMask = 2147483647;
			files = (
			);
			inputFileListPaths = (
			);
			inputPaths = (
				"${PODS_PODFILE_DIR_PATH}/Podfile.lock",
				"${PODS_ROOT}/Manifest.lock",
			);
			name = "[CP] Check Pods Manifest.lock";
			outputFileListPaths = (
			);
			outputPaths = (
				"$(DERIVED_FILE_DIR)/Pods-First-checkManifestLockResult.txt",
			);
			runOnlyForDeploymentPostprocessing = 0;
			shellPath = /bin/sh;
			shellScript = "diff \"${PODS_PODFILE_DIR_PATH}/Podfile.lock\" \"${PODS_ROOT}/Manifest.lock\" > /dev/null\nif [ $? != 0 ] ; then\n    # print error to STDERR\n    echo \"error: The sandbox is not in sync with the Podfile.lock. Run 'pod install' or update your CocoaPods installation.\" >&2\n    exit 1\nfi\n# This output is used by Xcode 'outputs' to avoid re-running this script phase.\necho \"SUCCESS\" > \"${SCRIPT_OUTPUT_FILE_0}\"\n";
			showEnvVarsInLog = 0;
		};
/* End PBXShellScriptBuildPhase section */

/* Begin PBXSourcesBuildPhase section */
		87130EBE288EA67A00BAF309 /* Sources */ = {
			isa = PBXSourcesBuildPhase;
			buildActionMask = 2147483647;
			files = (
				87130ECA288EA67A00BAF309 /* ViewController.swift in Sources */,
				87130EC6288EA67A00BAF309 /* AppDelegate.swift in Sources */,
				87130EC8288EA67A00BAF309 /* SceneDelegate.swift in Sources */,
			);
			runOnlyForDeploymentPostprocessing = 0;
		};
		87130ED4288EA67E00BAF309 /* Sources */ = {
			isa = PBXSourcesBuildPhase;
			buildActionMask = 2147483647;
			files = (
				87130EDD288EA67E00BAF309 /* FirstTests.swift in Sources */,
			);
			runOnlyForDeploymentPostprocessing = 0;
		};
		87130EDE288EA67E00BAF309 /* Sources */ = {
			isa = PBXSourcesBuildPhase;
			buildActionMask = 2147483647;
			files = (
				87130EE7288EA67E00BAF309 /* FirstUITests.swift in Sources */,
				87130EE9288EA67E00BAF309 /* FirstUITestsLaunchTests.swift in Sources */,
			);
			runOnlyForDeploymentPostprocessing = 0;
		};
/* End PBXSourcesBuildPhase section */

/* Begin PBXTargetDependency section */
		87130EDA288EA67E00BAF309 /* PBXTargetDependency */ = {
			isa = PBXTargetDependency;
			target = 87130EC1288EA67A00BAF309 /* First */;
			targetProxy = 87130ED9288EA67E00BAF309 /* PBXContainerItemProxy */;
		};
		87130EE4288EA67E00BAF309 /* PBXTargetDependency */ = {
			isa = PBXTargetDependency;
			target = 87130EC1288EA67A00BAF309 /* First */;
			targetProxy = 87130EE3288EA67E00BAF309 /* PBXContainerItemProxy */;
		};
/* End PBXTargetDependency section */

/* Begin PBXVariantGroup section */
		87130ED0288EA67E00BAF309 /* LaunchScreen.storyboard */ = {
			isa = PBXVariantGroup;
			children = (
				87130ED1288EA67E00BAF309 /* Base */,
			);
			name = LaunchScreen.storyboard;
			sourceTree = "<group>";
		};
/* End PBXVariantGroup section */

/* Begin XCBuildConfiguration section */
		87130EEA288EA67E00BAF309 /* Debug */ = {
			isa = XCBuildConfiguration;
			buildSettings = {
				ALWAYS_SEARCH_USER_PATHS = NO;
				CLANG_ANALYZER_NONNULL = YES;
				CLANG_ANALYZER_NUMBER_OBJECT_CONVERSION = YES_AGGRESSIVE;
				CLANG_CXX_LANGUAGE_STANDARD = "gnu++17";
				CLANG_ENABLE_MODULES = YES;
				CLANG_ENABLE_OBJC_ARC = YES;
				CLANG_ENABLE_OBJC_WEAK = YES;
				CLANG_WARN_BLOCK_CAPTURE_AUTORELEASING = YES;
				CLANG_WARN_BOOL_CONVERSION = YES;
				CLANG_WARN_COMMA = YES;
				CLANG_WARN_CONSTANT_CONVERSION = YES;
				CLANG_WARN_DEPRECATED_OBJC_IMPLEMENTATIONS = YES;
				CLANG_WARN_DIRECT_OBJC_ISA_USAGE = YES_ERROR;
				CLANG_WARN_DOCUMENTATION_COMMENTS = YES;
				CLANG_WARN_EMPTY_BODY = YES;
				CLANG_WARN_ENUM_CONVERSION = YES;
				CLANG_WARN_INFINITE_RECURSION = YES;
				CLANG_WARN_INT_CONVERSION = YES;
				CLANG_WARN_NON_LITERAL_NULL_CONVERSION = YES;
				CLANG_WARN_OBJC_IMPLICIT_RETAIN_SELF = YES;
				CLANG_WARN_OBJC_LITERAL_CONVERSION = YES;
				CLANG_WARN_OBJC_ROOT_CLASS = YES_ERROR;
				CLANG_WARN_QUOTED_INCLUDE_IN_FRAMEWORK_HEADER = YES;
				CLANG_WARN_RANGE_LOOP_ANALYSIS = YES;
				CLANG_WARN_STRICT_PROTOTYPES = YES;
				CLANG_WARN_SUSPICIOUS_MOVE = YES;
				CLANG_WARN_UNGUARDED_AVAILABILITY = YES_AGGRESSIVE;
				CLANG_WARN_UNREACHABLE_CODE = YES;
				CLANG_WARN__DUPLICATE_METHOD_MATCH = YES;
				COPY_PHASE_STRIP = NO;
				DEBUG_INFORMATION_FORMAT = dwarf;
				ENABLE_STRICT_OBJC_MSGSEND = YES;
				ENABLE_TESTABILITY = YES;
				GCC_C_LANGUAGE_STANDARD = gnu11;
				GCC_DYNAMIC_NO_PIC = NO;
				GCC_NO_COMMON_BLOCKS = YES;
				GCC_OPTIMIZATION_LEVEL = 0;
				GCC_PREPROCESSOR_DEFINITIONS = (
					"DEBUG=1",
					"$(inherited)",
				);
				GCC_WARN_64_TO_32_BIT_CONVERSION = YES;
				GCC_WARN_ABOUT_RETURN_TYPE = YES_ERROR;
				GCC_WARN_UNDECLARED_SELECTOR = YES;
				GCC_WARN_UNINITIALIZED_AUTOS = YES_AGGRESSIVE;
				GCC_WARN_UNUSED_FUNCTION = YES;
				GCC_WARN_UNUSED_VARIABLE = YES;
				IPHONEOS_DEPLOYMENT_TARGET = 15.5;
				MTL_ENABLE_DEBUG_INFO = INCLUDE_SOURCE;
				MTL_FAST_MATH = YES;
				ONLY_ACTIVE_ARCH = YES;
				SDKROOT = iphoneos;
				SWIFT_ACTIVE_COMPILATION_CONDITIONS = DEBUG;
				SWIFT_OPTIMIZATION_LEVEL = "-Onone";
			};
			name = Debug;
		};
		87130EEB288EA67E00BAF309 /* Release */ = {
			isa = XCBuildConfiguration;
			buildSettings = {
				ALWAYS_SEARCH_USER_PATHS = NO;
				CLANG_ANALYZER_NONNULL = YES;
				CLANG_ANALYZER_NUMBER_OBJECT_CONVERSION = YES_AGGRESSIVE;
				CLANG_CXX_LANGUAGE_STANDARD = "gnu++17";
				CLANG_ENABLE_MODULES = YES;
				CLANG_ENABLE_OBJC_ARC = YES;
				CLANG_ENABLE_OBJC_WEAK = YES;
				CLANG_WARN_BLOCK_CAPTURE_AUTORELEASING = YES;
				CLANG_WARN_BOOL_CONVERSION = YES;
				CLANG_WARN_COMMA = YES;
				CLANG_WARN_CONSTANT_CONVERSION = YES;
				CLANG_WARN_DEPRECATED_OBJC_IMPLEMENTATIONS = YES;
				CLANG_WARN_DIRECT_OBJC_ISA_USAGE = YES_ERROR;
				CLANG_WARN_DOCUMENTATION_COMMENTS = YES;
				CLANG_WARN_EMPTY_BODY = YES;
				CLANG_WARN_ENUM_CONVERSION = YES;
				CLANG_WARN_INFINITE_RECURSION = YES;
				CLANG_WARN_INT_CONVERSION = YES;
				CLANG_WARN_NON_LITERAL_NULL_CONVERSION = YES;
				CLANG_WARN_OBJC_IMPLICIT_RETAIN_SELF = YES;
				CLANG_WARN_OBJC_LITERAL_CONVERSION = YES;
				CLANG_WARN_OBJC_ROOT_CLASS = YES_ERROR;
				CLANG_WARN_QUOTED_INCLUDE_IN_FRAMEWORK_HEADER = YES;
				CLANG_WARN_RANGE_LOOP_ANALYSIS = YES;
				CLANG_WARN_STRICT_PROTOTYPES = YES;
				CLANG_WARN_SUSPICIOUS_MOVE = YES;
				CLANG_WARN_UNGUARDED_AVAILABILITY = YES_AGGRESSIVE;
				CLANG_WARN_UNREACHABLE_CODE = YES;
				CLANG_WARN__DUPLICATE_METHOD_MATCH = YES;
				COPY_PHASE_STRIP = NO;
				DEBUG_INFORMATION_FORMAT = "dwarf-with-dsym";
				ENABLE_NS_ASSERTIONS = NO;
				ENABLE_STRICT_OBJC_MSGSEND = YES;
				GCC_C_LANGUAGE_STANDARD = gnu11;
				GCC_NO_COMMON_BLOCKS = YES;
				GCC_WARN_64_TO_32_BIT_CONVERSION = YES;
				GCC_WARN_ABOUT_RETURN_TYPE = YES_ERROR;
				GCC_WARN_UNDECLARED_SELECTOR = YES;
				GCC_WARN_UNINITIALIZED_AUTOS = YES_AGGRESSIVE;
				GCC_WARN_UNUSED_FUNCTION = YES;
				GCC_WARN_UNUSED_VARIABLE = YES;
				IPHONEOS_DEPLOYMENT_TARGET = 15.5;
				MTL_ENABLE_DEBUG_INFO = NO;
				MTL_FAST_MATH = YES;
				SDKROOT = iphoneos;
				SWIFT_COMPILATION_MODE = wholemodule;
				SWIFT_OPTIMIZATION_LEVEL = "-O";
				VALIDATE_PRODUCT = YES;
			};
			name = Release;
		};
		87130EED288EA67E00BAF309 /* Debug */ = {
			isa = XCBuildConfiguration;
			baseConfigurationReference = 711608CDA70B2EDEC5FBB119 /* Pods-First.debug.xcconfig */;
			buildSettings = {
				ASSETCATALOG_COMPILER_APPICON_NAME = AppIcon;
				ASSETCATALOG_COMPILER_GLOBAL_ACCENT_COLOR_NAME = AccentColor;
				CODE_SIGN_STYLE = Automatic;
				CURRENT_PROJECT_VERSION = 1;
				GENERATE_INFOPLIST_FILE = YES;
				INFOPLIST_FILE = First/Info.plist;
				INFOPLIST_KEY_UIApplicationSupportsIndirectInputEvents = YES;
				INFOPLIST_KEY_UILaunchStoryboardName = LaunchScreen;
				INFOPLIST_KEY_UISupportedInterfaceOrientations_iPad = "UIInterfaceOrientationPortrait UIInterfaceOrientationPortraitUpsideDown UIInterfaceOrientationLandscapeLeft UIInterfaceOrientationLandscapeRight";
				INFOPLIST_KEY_UISupportedInterfaceOrientations_iPhone = "UIInterfaceOrientationPortrait UIInterfaceOrientationLandscapeLeft UIInterfaceOrientationLandscapeRight";
				LD_RUNPATH_SEARCH_PATHS = (
					"$(inherited)",
					"@executable_path/Frameworks",
				);
				MARKETING_VERSION = 1.0;
				PRODUCT_BUNDLE_IDENTIFIER = Airnauts.First;
				PRODUCT_NAME = "$(TARGET_NAME)";
				SWIFT_EMIT_LOC_STRINGS = YES;
				SWIFT_VERSION = 5.0;
				TARGETED_DEVICE_FAMILY = "1,2";
			};
			name = Debug;
		};
		87130EEE288EA67E00BAF309 /* Release */ = {
			isa = XCBuildConfiguration;
			baseConfigurationReference = FF824A1F9C546B0D0C61F969 /* Pods-First.release.xcconfig */;
			buildSettings = {
				ASSETCATALOG_COMPILER_APPICON_NAME = AppIcon;
				ASSETCATALOG_COMPILER_GLOBAL_ACCENT_COLOR_NAME = AccentColor;
				CODE_SIGN_STYLE = Automatic;
				CURRENT_PROJECT_VERSION = 1;
				GENERATE_INFOPLIST_FILE = YES;
				INFOPLIST_FILE = First/Info.plist;
				INFOPLIST_KEY_UIApplicationSupportsIndirectInputEvents = YES;
				INFOPLIST_KEY_UILaunchStoryboardName = LaunchScreen;
				INFOPLIST_KEY_UISupportedInterfaceOrientations_iPad = "UIInterfaceOrientationPortrait UIInterfaceOrientationPortraitUpsideDown UIInterfaceOrientationLandscapeLeft UIInterfaceOrientationLandscapeRight";
				INFOPLIST_KEY_UISupportedInterfaceOrientations_iPhone = "UIInterfaceOrientationPortrait UIInterfaceOrientationLandscapeLeft UIInterfaceOrientationLandscapeRight";
				LD_RUNPATH_SEARCH_PATHS = (
					"$(inherited)",
					"@executable_path/Frameworks",
				);
				MARKETING_VERSION = 1.0;
				PRODUCT_BUNDLE_IDENTIFIER = Airnauts.First;
				PRODUCT_NAME = "$(TARGET_NAME)";
				SWIFT_EMIT_LOC_STRINGS = YES;
				SWIFT_VERSION = 5.0;
				TARGETED_DEVICE_FAMILY = "1,2";
			};
			name = Release;
		};
		87130EF0288EA67E00BAF309 /* Debug */ = {
			isa = XCBuildConfiguration;
			buildSettings = {
				ALWAYS_EMBED_SWIFT_STANDARD_LIBRARIES = YES;
				BUNDLE_LOADER = "$(TEST_HOST)";
				CODE_SIGN_STYLE = Automatic;
				CURRENT_PROJECT_VERSION = 1;
				GENERATE_INFOPLIST_FILE = YES;
				IPHONEOS_DEPLOYMENT_TARGET = 15.5;
				MARKETING_VERSION = 1.0;
				PRODUCT_BUNDLE_IDENTIFIER = Airnauts.FirstTests;
				PRODUCT_NAME = "$(TARGET_NAME)";
				SWIFT_EMIT_LOC_STRINGS = NO;
				SWIFT_VERSION = 5.0;
				TARGETED_DEVICE_FAMILY = "1,2";
				TEST_HOST = "$(BUILT_PRODUCTS_DIR)/First.app/First";
			};
			name = Debug;
		};
		87130EF1288EA67E00BAF309 /* Release */ = {
			isa = XCBuildConfiguration;
			buildSettings = {
				ALWAYS_EMBED_SWIFT_STANDARD_LIBRARIES = YES;
				BUNDLE_LOADER = "$(TEST_HOST)";
				CODE_SIGN_STYLE = Automatic;
				CURRENT_PROJECT_VERSION = 1;
				GENERATE_INFOPLIST_FILE = YES;
				IPHONEOS_DEPLOYMENT_TARGET = 15.5;
				MARKETING_VERSION = 1.0;
				PRODUCT_BUNDLE_IDENTIFIER = Airnauts.FirstTests;
				PRODUCT_NAME = "$(TARGET_NAME)";
				SWIFT_EMIT_LOC_STRINGS = NO;
				SWIFT_VERSION = 5.0;
				TARGETED_DEVICE_FAMILY = "1,2";
				TEST_HOST = "$(BUILT_PRODUCTS_DIR)/First.app/First";
			};
			name = Release;
		};
		87130EF3288EA67E00BAF309 /* Debug */ = {
			isa = XCBuildConfiguration;
			buildSettings = {
				ALWAYS_EMBED_SWIFT_STANDARD_LIBRARIES = YES;
				CODE_SIGN_STYLE = Automatic;
				CURRENT_PROJECT_VERSION = 1;
				GENERATE_INFOPLIST_FILE = YES;
				MARKETING_VERSION = 1.0;
				PRODUCT_BUNDLE_IDENTIFIER = Airnauts.FirstUITests;
				PRODUCT_NAME = "$(TARGET_NAME)";
				SWIFT_EMIT_LOC_STRINGS = NO;
				SWIFT_VERSION = 5.0;
				TARGETED_DEVICE_FAMILY = "1,2";
				TEST_TARGET_NAME = First;
			};
			name = Debug;
		};
		87130EF4288EA67E00BAF309 /* Release */ = {
			isa = XCBuildConfiguration;
			buildSettings = {
				ALWAYS_EMBED_SWIFT_STANDARD_LIBRARIES = YES;
				CODE_SIGN_STYLE = Automatic;
				CURRENT_PROJECT_VERSION = 1;
				GENERATE_INFOPLIST_FILE = YES;
				MARKETING_VERSION = 1.0;
				PRODUCT_BUNDLE_IDENTIFIER = Airnauts.FirstUITests;
				PRODUCT_NAME = "$(TARGET_NAME)";
				SWIFT_EMIT_LOC_STRINGS = NO;
				SWIFT_VERSION = 5.0;
				TARGETED_DEVICE_FAMILY = "1,2";
				TEST_TARGET_NAME = First;
			};
			name = Release;
		};
/* End XCBuildConfiguration section */

/* Begin XCConfigurationList section */
		87130EBD288EA67A00BAF309 /* Build configuration list for PBXProject "First" */ = {
			isa = XCConfigurationList;
			buildConfigurations = (
				87130EEA288EA67E00BAF309 /* Debug */,
				87130EEB288EA67E00BAF309 /* Release */,
			);
			defaultConfigurationIsVisible = 0;
			defaultConfigurationName = Release;
		};
		87130EEC288EA67E00BAF309 /* Build configuration list for PBXNativeTarget "First" */ = {
			isa = XCConfigurationList;
			buildConfigurations = (
				87130EED288EA67E00BAF309 /* Debug */,
				87130EEE288EA67E00BAF309 /* Release */,
			);
			defaultConfigurationIsVisible = 0;
			defaultConfigurationName = Release;
		};
		87130EEF288EA67E00BAF309 /* Build configuration list for PBXNativeTarget "FirstTests" */ = {
			isa = XCConfigurationList;
			buildConfigurations = (
				87130EF0288EA67E00BAF309 /* Debug */,
				87130EF1288EA67E00BAF309 /* Release */,
			);
			defaultConfigurationIsVisible = 0;
			defaultConfigurationName = Release;
		};
		87130EF2288EA67E00BAF309 /* Build configuration list for PBXNativeTarget "FirstUITests" */ = {
			isa = XCConfigurationList;
			buildConfigurations = (
				87130EF3288EA67E00BAF309 /* Debug */,
				87130EF4288EA67E00BAF309 /* Release */,
			);
			defaultConfigurationIsVisible = 0;
			defaultConfigurationName = Release;
		};
/* End XCConfigurationList section */
	};
	rootObject = 87130EBA288EA67A00BAF309 /* Project object */;
}
